
Microsoft Visual Studio Solution File, Format Version 12.00
# Visual Studio Version 17
VisualStudioVersion = 17.5.33424.131
MinimumVisualStudioVersion = 10.0.40219.1
Project("{FAE04EC0-301F-11D3-BF4B-00C04F79EFBC}") = "Tugas_10_Printer", "Tugas_10_Printer\Tugas_10_Printer.csproj", "{B363CE42-AE07-48AC-8828-12953A3DEB3C}"
EndProject
Global
	GlobalSection(SolutionConfigurationPlatforms) = preSolution
		Debug|Any CPU = Debug|Any CPU
		Release|Any CPU = Release|Any CPU
	EndGlobalSection
	GlobalSection(ProjectConfigurationPlatforms) = postSolution
		{B363CE42-AE07-48AC-8828-12953A3DEB3C}.Debug|Any CPU.ActiveCfg = Debug|Any CPU
		{B363CE42-AE07-48AC-8828-12953A3DEB3C}.Debug|Any CPU.Build.0 = Debug|Any CPU
		{B363CE42-AE07-48AC-8828-12953A3DEB3C}.Release|Any CPU.ActiveCfg = Release|Any CPU
		{B363CE42-AE07-48AC-8828-12953A3DEB3C}.Release|Any CPU.Build.0 = Release|Any CPU
	EndGlobalSection
	GlobalSection(SolutionProperties) = preSolution
		HideSolutionNode = FALSE
	EndGlobalSection
	GlobalSection(ExtensibilityGlobals) = postSolution
		SolutionGuid = {9F38999A-6902-4FCA-9ADE-61FDE33388B2}
	EndGlobalSection
EndGlobal
